
Microsoft Visual Studio Solution File, Format Version 12.00
# Visual Studio Version 17
VisualStudioVersion = 17.4.33122.133
MinimumVisualStudioVersion = 10.0.40219.1
Project("{8BC9CEB8-8B4A-11D0-8D11-00A0C91BC942}") = "APCLdr", "APCLdr\APCLdr.vcxproj", "{DD8493DF-64C1-47CD-BE6B-6E45B38F501C}"
EndProject
Project("{8BC9CEB8-8B4A-11D0-8D11-00A0C91BC942}") = "Builder", "Builder\Builder.vcxproj", "{C3D5A917-ED84-449F-A614-93183A2BB2D5}"
EndProject
Global
	GlobalSection(SolutionConfigurationPlatforms) = preSolution
		Debug|x64 = Debug|x64
		Debug|x86 = Debug|x86
		Release|x64 = Release|x64
		Release|x86 = Release|x86
	EndGlobalSection
	GlobalSection(ProjectConfigurationPlatforms) = postSolution
		{DD8493DF-64C1-47CD-BE6B-6E45B38F501C}.Debug|x64.ActiveCfg = Debug|x64
		{DD8493DF-64C1-47CD-BE6B-6E45B38F501C}.Debug|x64.Build.0 = Debug|x64
		{DD8493DF-64C1-47CD-BE6B-6E45B38F501C}.Debug|x86.ActiveCfg = Debug|Win32
		{DD8493DF-64C1-47CD-BE6B-6E45B38F501C}.Debug|x86.Build.0 = Debug|Win32
		{DD8493DF-64C1-47CD-BE6B-6E45B38F501C}.Release|x64.ActiveCfg = Release|x64
		{DD8493DF-64C1-47CD-BE6B-6E45B38F501C}.Release|x64.Build.0 = Release|x64
		{DD8493DF-64C1-47CD-BE6B-6E45B38F501C}.Release|x86.ActiveCfg = Release|Win32
		{DD8493DF-64C1-47CD-BE6B-6E45B38F501C}.Release|x86.Build.0 = Release|Win32
		{C3D5A917-ED84-449F-A614-93183A2BB2D5}.Debug|x64.ActiveCfg = Debug|x64
		{C3D5A917-ED84-449F-A614-93183A2BB2D5}.Debug|x64.Build.0 = Debug|x64
		{C3D5A917-ED84-449F-A614-93183A2BB2D5}.Debug|x86.ActiveCfg = Debug|Win32
		{C3D5A917-ED84-449F-A614-93183A2BB2D5}.Debug|x86.Build.0 = Debug|Win32
		{C3D5A917-ED84-449F-A614-93183A2BB2D5}.Release|x64.ActiveCfg = Release|x64
		{C3D5A917-ED84-449F-A614-93183A2BB2D5}.Release|x64.Build.0 = Release|x64
		{C3D5A917-ED84-449F-A614-93183A2BB2D5}.Release|x86.ActiveCfg = Release|Win32
		{C3D5A917-ED84-449F-A614-93183A2BB2D5}.Release|x86.Build.0 = Release|Win32
	EndGlobalSection
	GlobalSection(SolutionProperties) = preSolution
		HideSolutionNode = FALSE
	EndGlobalSection
	GlobalSection(ExtensibilityGlobals) = postSolution
		SolutionGuid = {35EA46E0-4FD2-43AD-9047-EF536C88F188}
	EndGlobalSection
EndGlobal
